// !$*UTF8*$!
{
	archiveVersion = 1;
	classes = {
	};
	objectVersion = 52;
	objects = {

/* Begin PBXBuildFile section */
		209256552515A9DB00714E38 /* AppNews2App.swift in Sources */ = {isa = PBXBuildFile; fileRef = 209256542515A9DB00714E38 /* AppNews2App.swift */; };
		209256572515A9DB00714E38 /* ContentView.swift in Sources */ = {isa = PBXBuildFile; fileRef = 209256562515A9DB00714E38 /* ContentView.swift */; };
		209256592515A9DC00714E38 /* Assets.xcassets in Resources */ = {isa = PBXBuildFile; fileRef = 209256582515A9DC00714E38 /* Assets.xcassets */; };
		2092565C2515A9DC00714E38 /* Preview Assets.xcassets in Resources */ = {isa = PBXBuildFile; fileRef = 2092565B2515A9DC00714E38 /* Preview Assets.xcassets */; };
		209256672515AB5900714E38 /* NewsService.swift in Sources */ = {isa = PBXBuildFile; fileRef = 209256662515AB5900714E38 /* NewsService.swift */; };
		2092566C2515AF3700714E38 /* News.swift in Sources */ = {isa = PBXBuildFile; fileRef = 2092566B2515AF3700714E38 /* News.swift */; };
		209256712515B08D00714E38 /* NewsSearchList.swift in Sources */ = {isa = PBXBuildFile; fileRef = 209256702515B08D00714E38 /* NewsSearchList.swift */; };
		209256752515B0F600714E38 /* NewsSearchState.swift in Sources */ = {isa = PBXBuildFile; fileRef = 209256742515B0F600714E38 /* NewsSearchState.swift */; };
		209256792515B13100714E38 /* NewsStore.swift in Sources */ = {isa = PBXBuildFile; fileRef = 209256782515B13100714E38 /* NewsStore.swift */; };
		2092567E2515C0C700714E38 /* SDWebImageSwiftUI in Frameworks */ = {isa = PBXBuildFile; productRef = 2092567D2515C0C700714E38 /* SDWebImageSwiftUI */; };
		209256822515C47800714E38 /* NewsRow.swift in Sources */ = {isa = PBXBuildFile; fileRef = 209256812515C47800714E38 /* NewsRow.swift */; };
		209256852515CC4A00714E38 /* LoadingView.swift in Sources */ = {isa = PBXBuildFile; fileRef = 209256842515CC4A00714E38 /* LoadingView.swift */; };
		209256892515CF0600714E38 /* SafariView.swift in Sources */ = {isa = PBXBuildFile; fileRef = 209256882515CF0600714E38 /* SafariView.swift */; };
		2092568D2515F01F00714E38 /* NewsListState.swift in Sources */ = {isa = PBXBuildFile; fileRef = 2092568C2515F01F00714E38 /* NewsListState.swift */; };
		209256912515F19C00714E38 /* NewsList.swift in Sources */ = {isa = PBXBuildFile; fileRef = 209256902515F19C00714E38 /* NewsList.swift */; };
		20CCB2BF2516907F00FEE8E2 /* Extensions.swift in Sources */ = {isa = PBXBuildFile; fileRef = 20CCB2BE2516907F00FEE8E2 /* Extensions.swift */; };
/* End PBXBuildFile section */

/* Begin PBXFileReference section */
		209256512515A9DB00714E38 /* AppNews2.app */ = {isa = PBXFileReference; explicitFileType = wrapper.application; includeInIndex = 0; path = AppNews2.app; sourceTree = BUILT_PRODUCTS_DIR; };
		209256542515A9DB00714E38 /* AppNews2App.swift */ = {isa = PBXFileReference; lastKnownFileType = sourcecode.swift; path = AppNews2App.swift; sourceTree = "<group>"; };
		209256562515A9DB00714E38 /* ContentView.swift */ = {isa = PBXFileReference; lastKnownFileType = sourcecode.swift; path = ContentView.swift; sourceTree = "<group>"; };
		209256582515A9DC00714E38 /* Assets.xcassets */ = {isa = PBXFileReference; lastKnownFileType = folder.assetcatalog; path = Assets.xcassets; sourceTree = "<group>"; };
		2092565B2515A9DC00714E38 /* Preview Assets.xcassets */ = {isa = PBXFileReference; lastKnownFileType = folder.assetcatalog; path = "Preview Assets.xcassets"; sourceTree = "<group>"; };
		2092565D2515A9DC00714E38 /* Info.plist */ = {isa = PBXFileReference; lastKnownFileType = text.plist.xml; path = Info.plist; sourceTree = "<group>"; };
		209256662515AB5900714E38 /* NewsService.swift */ = {isa = PBXFileReference; lastKnownFileType = sourcecode.swift; path = NewsService.swift; sourceTree = "<group>"; };
		2092566B2515AF3700714E38 /* News.swift */ = {isa = PBXFileReference; lastKnownFileType = sourcecode.swift; path = News.swift; sourceTree = "<group>"; };
		209256702515B08D00714E38 /* NewsSearchList.swift */ = {isa = PBXFileReference; lastKnownFileType = sourcecode.swift; path = NewsSearchList.swift; sourceTree = "<group>"; };
		209256742515B0F600714E38 /* NewsSearchState.swift */ = {isa = PBXFileReference; lastKnownFileType = sourcecode.swift; path = NewsSearchState.swift; sourceTree = "<group>"; };
		209256782515B13100714E38 /* NewsStore.swift */ = {isa = PBXFileReference; lastKnownFileType = sourcecode.swift; path = NewsStore.swift; sourceTree = "<group>"; };
		209256812515C47800714E38 /* NewsRow.swift */ = {isa = PBXFileReference; lastKnownFileType = sourcecode.swift; path = NewsRow.swift; sourceTree = "<group>"; };
		209256842515CC4A00714E38 /* LoadingView.swift */ = {isa = PBXFileReference; lastKnownFileType = sourcecode.swift; path = LoadingView.swift; sourceTree = "<group>"; };
		209256882515CF0600714E38 /* SafariView.swift */ = {isa = PBXFileReference; lastKnownFileType = sourcecode.swift; path = SafariView.swift; sourceTree = "<group>"; };
		2092568C2515F01F00714E38 /* NewsListState.swift */ = {isa = PBXFileReference; lastKnownFileType = sourcecode.swift; path = NewsListState.swift; sourceTree = "<group>"; };
		209256902515F19C00714E38 /* NewsList.swift */ = {isa = PBXFileReference; lastKnownFileType = sourcecode.swift; path = NewsList.swift; sourceTree = "<group>"; };
		20CCB2BE2516907F00FEE8E2 /* Extensions.swift */ = {isa = PBXFileReference; lastKnownFileType = sourcecode.swift; path = Extensions.swift; sourceTree = "<group>"; };
/* End PBXFileReference section */

/* Begin PBXFrameworksBuildPhase section */
		2092564E2515A9DB00714E38 /* Frameworks */ = {
			isa = PBXFrameworksBuildPhase;
			buildActionMask = 2147483647;
			files = (
				2092567E2515C0C700714E38 /* SDWebImageSwiftUI in Frameworks */,
			);
			runOnlyForDeploymentPostprocessing = 0;
		};
/* End PBXFrameworksBuildPhase section */

/* Begin PBXGroup section */
		209256482515A9DB00714E38 = {
			isa = PBXGroup;
			children = (
				209256532515A9DB00714E38 /* AppNews2 */,
				209256522515A9DB00714E38 /* Products */,
			);
			sourceTree = "<group>";
		};
		209256522515A9DB00714E38 /* Products */ = {
			isa = PBXGroup;
			children = (
				209256512515A9DB00714E38 /* AppNews2.app */,
			);
			name = Products;
			sourceTree = "<group>";
		};
		209256532515A9DB00714E38 /* AppNews2 */ = {
			isa = PBXGroup;
			children = (
				209256872515CEE900714E38 /* Extensions */,
				2092566F2515B05400714E38 /* Views */,
				2092566A2515AF2100714E38 /* Model */,
				209256652515AB1D00714E38 /* Services */,
				209256542515A9DB00714E38 /* AppNews2App.swift */,
				209256562515A9DB00714E38 /* ContentView.swift */,
				209256582515A9DC00714E38 /* Assets.xcassets */,
				2092565D2515A9DC00714E38 /* Info.plist */,
				2092565A2515A9DC00714E38 /* Preview Content */,
			);
			path = AppNews2;
			sourceTree = "<group>";
		};
		2092565A2515A9DC00714E38 /* Preview Content */ = {
			isa = PBXGroup;
			children = (
				2092565B2515A9DC00714E38 /* Preview Assets.xcassets */,
			);
			path = "Preview Content";
			sourceTree = "<group>";
		};
		209256652515AB1D00714E38 /* Services */ = {
			isa = PBXGroup;
			children = (
				209256662515AB5900714E38 /* NewsService.swift */,
				209256782515B13100714E38 /* NewsStore.swift */,
			);
			path = Services;
			sourceTree = "<group>";
		};
		2092566A2515AF2100714E38 /* Model */ = {
			isa = PBXGroup;
			children = (
				2092566B2515AF3700714E38 /* News.swift */,
			);
			path = Model;
			sourceTree = "<group>";
		};
		2092566F2515B05400714E38 /* Views */ = {
			isa = PBXGroup;
			children = (
				209256732515B0C200714E38 /* ViewModels */,
				209256702515B08D00714E38 /* NewsSearchList.swift */,
				209256812515C47800714E38 /* NewsRow.swift */,
				209256842515CC4A00714E38 /* LoadingView.swift */,
				209256902515F19C00714E38 /* NewsList.swift */,
			);
			path = Views;
			sourceTree = "<group>";
		};
		209256732515B0C200714E38 /* ViewModels */ = {
			isa = PBXGroup;
			children = (
				209256742515B0F600714E38 /* NewsSearchState.swift */,
				2092568C2515F01F00714E38 /* NewsListState.swift */,
			);
			path = ViewModels;
			sourceTree = "<group>";
		};
		209256872515CEE900714E38 /* Extensions */ = {
			isa = PBXGroup;
			children = (
				209256882515CF0600714E38 /* SafariView.swift */,
				20CCB2BE2516907F00FEE8E2 /* Extensions.swift */,
			);
			path = Extensions;
			sourceTree = "<group>";
		};
/* End PBXGroup section */

/* Begin PBXNativeTarget section */
		209256502515A9DB00714E38 /* AppNews2 */ = {
			isa = PBXNativeTarget;
			buildConfigurationList = 209256602515A9DC00714E38 /* Build configuration list for PBXNativeTarget "AppNews2" */;
			buildPhases = (
				2092564D2515A9DB00714E38 /* Sources */,
				2092564E2515A9DB00714E38 /* Frameworks */,
				2092564F2515A9DB00714E38 /* Resources */,
			);
			buildRules = (
			);
			dependencies = (
			);
			name = AppNews2;
			packageProductDependencies = (
				2092567D2515C0C700714E38 /* SDWebImageSwiftUI */,
			);
			productName = AppNews2;
			productReference = 209256512515A9DB00714E38 /* AppNews2.app */;
			productType = "com.apple.product-type.application";
		};
/* End PBXNativeTarget section */

/* Begin PBXProject section */
		209256492515A9DB00714E38 /* Project object */ = {
			isa = PBXProject;
			attributes = {
				LastSwiftUpdateCheck = 1200;
				LastUpgradeCheck = 1200;
				TargetAttributes = {
					209256502515A9DB00714E38 = {
						CreatedOnToolsVersion = 12.0;
					};
				};
			};
			buildConfigurationList = 2092564C2515A9DB00714E38 /* Build configuration list for PBXProject "AppNews2" */;
			compatibilityVersion = "Xcode 9.3";
			developmentRegion = en;
			hasScannedForEncodings = 0;
			knownRegions = (
				en,
				Base,
			);
			mainGroup = 209256482515A9DB00714E38;
			packageReferences = (
				2092567C2515C0C700714E38 /* XCRemoteSwiftPackageReference "SDWebImageSwiftUI" */,
			);
			productRefGroup = 209256522515A9DB00714E38 /* Products */;
			projectDirPath = "";
			projectRoot = "";
			targets = (
				209256502515A9DB00714E38 /* AppNews2 */,
			);
		};
/* End PBXProject section */

/* Begin PBXResourcesBuildPhase section */
		2092564F2515A9DB00714E38 /* Resources */ = {
			isa = PBXResourcesBuildPhase;
			buildActionMask = 2147483647;
			files = (
				2092565C2515A9DC00714E38 /* Preview Assets.xcassets in Resources */,
				209256592515A9DC00714E38 /* Assets.xcassets in Resources */,
			);
			runOnlyForDeploymentPostprocessing = 0;
		};
/* End PBXResourcesBuildPhase section */

/* Begin PBXSourcesBuildPhase section */
		2092564D2515A9DB00714E38 /* Sources */ = {
			isa = PBXSourcesBuildPhase;
			buildActionMask = 2147483647;
			files = (
				2092568D2515F01F00714E38 /* NewsListState.swift in Sources */,
				209256792515B13100714E38 /* NewsStore.swift in Sources */,
				209256672515AB5900714E38 /* NewsService.swift in Sources */,
				209256712515B08D00714E38 /* NewsSearchList.swift in Sources */,
				209256752515B0F600714E38 /* NewsSearchState.swift in Sources */,
				209256892515CF0600714E38 /* SafariView.swift in Sources */,
				209256912515F19C00714E38 /* NewsList.swift in Sources */,
				209256572515A9DB00714E38 /* ContentView.swift in Sources */,
				20CCB2BF2516907F00FEE8E2 /* Extensions.swift in Sources */,
				209256822515C47800714E38 /* NewsRow.swift in Sources */,
				2092566C2515AF3700714E38 /* News.swift in Sources */,
				209256552515A9DB00714E38 /* AppNews2App.swift in Sources */,
				209256852515CC4A00714E38 /* LoadingView.swift in Sources */,
			);
			runOnlyForDeploymentPostprocessing = 0;
		};
/* End PBXSourcesBuildPhase section */

/* Begin XCBuildConfiguration section */
		2092565E2515A9DC00714E38 /* Debug */ = {
			isa = XCBuildConfiguration;
			buildSettings = {
				ALWAYS_SEARCH_USER_PATHS = NO;
				CLANG_ANALYZER_NONNULL = YES;
				CLANG_ANALYZER_NUMBER_OBJECT_CONVERSION = YES_AGGRESSIVE;
				CLANG_CXX_LANGUAGE_STANDARD = "gnu++14";
				CLANG_CXX_LIBRARY = "libc++";
				CLANG_ENABLE_MODULES = YES;
				CLANG_ENABLE_OBJC_ARC = YES;
				CLANG_ENABLE_OBJC_WEAK = YES;
				CLANG_WARN_BLOCK_CAPTURE_AUTORELEASING = YES;
				CLANG_WARN_BOOL_CONVERSION = YES;
				CLANG_WARN_COMMA = YES;
				CLANG_WARN_CONSTANT_CONVERSION = YES;
				CLANG_WARN_DEPRECATED_OBJC_IMPLEMENTATIONS = YES;
				CLANG_WARN_DIRECT_OBJC_ISA_USAGE = YES_ERROR;
				CLANG_WARN_DOCUMENTATION_COMMENTS = YES;
				CLANG_WARN_EMPTY_BODY = YES;
				CLANG_WARN_ENUM_CONVERSION = YES;
				CLANG_WARN_INFINITE_RECURSION = YES;
				CLANG_WARN_INT_CONVERSION = YES;
				CLANG_WARN_NON_LITERAL_NULL_CONVERSION = YES;
				CLANG_WARN_OBJC_IMPLICIT_RETAIN_SELF = YES;
				CLANG_WARN_OBJC_LITERAL_CONVERSION = YES;
				CLANG_WARN_OBJC_ROOT_CLASS = YES_ERROR;
				CLANG_WARN_QUOTED_INCLUDE_IN_FRAMEWORK_HEADER = YES;
				CLANG_WARN_RANGE_LOOP_ANALYSIS = YES;
				CLANG_WARN_STRICT_PROTOTYPES = YES;
				CLANG_WARN_SUSPICIOUS_MOVE = YES;
				CLANG_WARN_UNGUARDED_AVAILABILITY = YES_AGGRESSIVE;
				CLANG_WARN_UNREACHABLE_CODE = YES;
				CLANG_WARN__DUPLICATE_METHOD_MATCH = YES;
				COPY_PHASE_STRIP = NO;
				DEBUG_INFORMATION_FORMAT = dwarf;
				ENABLE_STRICT_OBJC_MSGSEND = YES;
				ENABLE_TESTABILITY = YES;
				GCC_C_LANGUAGE_STANDARD = gnu11;
				GCC_DYNAMIC_NO_PIC = NO;
				GCC_NO_COMMON_BLOCKS = YES;
				GCC_OPTIMIZATION_LEVEL = 0;
				GCC_PREPROCESSOR_DEFINITIONS = (
					"DEBUG=1",
					"$(inherited)",
				);
				GCC_WARN_64_TO_32_BIT_CONVERSION = YES;
				GCC_WARN_ABOUT_RETURN_TYPE = YES_ERROR;
				GCC_WARN_UNDECLARED_SELECTOR = YES;
				GCC_WARN_UNINITIALIZED_AUTOS = YES_AGGRESSIVE;
				GCC_WARN_UNUSED_FUNCTION = YES;
				GCC_WARN_UNUSED_VARIABLE = YES;
				IPHONEOS_DEPLOYMENT_TARGET = 14.0;
				MTL_ENABLE_DEBUG_INFO = INCLUDE_SOURCE;
				MTL_FAST_MATH = YES;
				ONLY_ACTIVE_ARCH = YES;
				SDKROOT = iphoneos;
				SWIFT_ACTIVE_COMPILATION_CONDITIONS = DEBUG;
				SWIFT_OPTIMIZATION_LEVEL = "-Onone";
			};
			name = Debug;
		};
		2092565F2515A9DC00714E38 /* Release */ = {
			isa = XCBuildConfiguration;
			buildSettings = {
				ALWAYS_SEARCH_USER_PATHS = NO;
				CLANG_ANALYZER_NONNULL = YES;
				CLANG_ANALYZER_NUMBER_OBJECT_CONVERSION = YES_AGGRESSIVE;
				CLANG_CXX_LANGUAGE_STANDARD = "gnu++14";
				CLANG_CXX_LIBRARY = "libc++";
				CLANG_ENABLE_MODULES = YES;
				CLANG_ENABLE_OBJC_ARC = YES;
				CLANG_ENABLE_OBJC_WEAK = YES;
				CLANG_WARN_BLOCK_CAPTURE_AUTORELEASING = YES;
				CLANG_WARN_BOOL_CONVERSION = YES;
				CLANG_WARN_COMMA = YES;
				CLANG_WARN_CONSTANT_CONVERSION = YES;
				CLANG_WARN_DEPRECATED_OBJC_IMPLEMENTATIONS = YES;
				CLANG_WARN_DIRECT_OBJC_ISA_USAGE = YES_ERROR;
				CLANG_WARN_DOCUMENTATION_COMMENTS = YES;
				CLANG_WARN_EMPTY_BODY = YES;
				CLANG_WARN_ENUM_CONVERSION = YES;
				CLANG_WARN_INFINITE_RECURSION = YES;
				CLANG_WARN_INT_CONVERSION = YES;
				CLANG_WARN_NON_LITERAL_NULL_CONVERSION = YES;
				CLANG_WARN_OBJC_IMPLICIT_RETAIN_SELF = YES;
				CLANG_WARN_OBJC_LITERAL_CONVERSION = YES;
				CLANG_WARN_OBJC_ROOT_CLASS = YES_ERROR;
				CLANG_WARN_QUOTED_INCLUDE_IN_FRAMEWORK_HEADER = YES;
				CLANG_WARN_RANGE_LOOP_ANALYSIS = YES;
				CLANG_WARN_STRICT_PROTOTYPES = YES;
				CLANG_WARN_SUSPICIOUS_MOVE = YES;
				CLANG_WARN_UNGUARDED_AVAILABILITY = YES_AGGRESSIVE;
				CLANG_WARN_UNREACHABLE_CODE = YES;
				CLANG_WARN__DUPLICATE_METHOD_MATCH = YES;
				COPY_PHASE_STRIP = NO;
				DEBUG_INFORMATION_FORMAT = "dwarf-with-dsym";
				ENABLE_NS_ASSERTIONS = NO;
				ENABLE_STRICT_OBJC_MSGSEND = YES;
				GCC_C_LANGUAGE_STANDARD = gnu11;
				GCC_NO_COMMON_BLOCKS = YES;
				GCC_WARN_64_TO_32_BIT_CONVERSION = YES;
				GCC_WARN_ABOUT_RETURN_TYPE = YES_ERROR;
				GCC_WARN_UNDECLARED_SELECTOR = YES;
				GCC_WARN_UNINITIALIZED_AUTOS = YES_AGGRESSIVE;
				GCC_WARN_UNUSED_FUNCTION = YES;
				GCC_WARN_UNUSED_VARIABLE = YES;
				IPHONEOS_DEPLOYMENT_TARGET = 14.0;
				MTL_ENABLE_DEBUG_INFO = NO;
				MTL_FAST_MATH = YES;
				SDKROOT = iphoneos;
				SWIFT_COMPILATION_MODE = wholemodule;
				SWIFT_OPTIMIZATION_LEVEL = "-O";
				VALIDATE_PRODUCT = YES;
			};
			name = Release;
		};
		209256612515A9DC00714E38 /* Debug */ = {
			isa = XCBuildConfiguration;
			buildSettings = {
				ASSETCATALOG_COMPILER_APPICON_NAME = AppIcon;
				ASSETCATALOG_COMPILER_GLOBAL_ACCENT_COLOR_NAME = AccentColor;
				CODE_SIGN_STYLE = Automatic;
				DEVELOPMENT_ASSET_PATHS = "\"AppNews2/Preview Content\"";
				DEVELOPMENT_TEAM = CRZL2UUGWW;
				ENABLE_PREVIEWS = YES;
				INFOPLIST_FILE = AppNews2/Info.plist;
				IPHONEOS_DEPLOYMENT_TARGET = 14.0;
				LD_RUNPATH_SEARCH_PATHS = (
					"$(inherited)",
					"@executable_path/Frameworks",
				);
				PRODUCT_BUNDLE_IDENTIFIER = com.nazildosouza.AppNews2;
				PRODUCT_NAME = "$(TARGET_NAME)";
				SWIFT_VERSION = 5.0;
				TARGETED_DEVICE_FAMILY = "1,2";
			};
			name = Debug;
		};
		209256622515A9DC00714E38 /* Release */ = {
			isa = XCBuildConfiguration;
			buildSettings = {
				ASSETCATALOG_COMPILER_APPICON_NAME = AppIcon;
				ASSETCATALOG_COMPILER_GLOBAL_ACCENT_COLOR_NAME = AccentColor;
				CODE_SIGN_STYLE = Automatic;
				DEVELOPMENT_ASSET_PATHS = "\"AppNews2/Preview Content\"";
				DEVELOPMENT_TEAM = CRZL2UUGWW;
				ENABLE_PREVIEWS = YES;
				INFOPLIST_FILE = AppNews2/Info.plist;
				IPHONEOS_DEPLOYMENT_TARGET = 14.0;
				LD_RUNPATH_SEARCH_PATHS = (
					"$(inherited)",
					"@executable_path/Frameworks",
				);
				PRODUCT_BUNDLE_IDENTIFIER = com.nazildosouza.AppNews2;
				PRODUCT_NAME = "$(TARGET_NAME)";
				SWIFT_VERSION = 5.0;
				TARGETED_DEVICE_FAMILY = "1,2";
			};
			name = Release;
		};
/* End XCBuildConfiguration section */

/* Begin XCConfigurationList section */
		2092564C2515A9DB00714E38 /* Build configuration list for PBXProject "AppNews2" */ = {
			isa = XCConfigurationList;
			buildConfigurations = (
				2092565E2515A9DC00714E38 /* Debug */,
				2092565F2515A9DC00714E38 /* Release */,
			);
			defaultConfigurationIsVisible = 0;
			defaultConfigurationName = Release;
		};
		209256602515A9DC00714E38 /* Build configuration list for PBXNativeTarget "AppNews2" */ = {
			isa = XCConfigurationList;
			buildConfigurations = (
				209256612515A9DC00714E38 /* Debug */,
				209256622515A9DC00714E38 /* Release */,
			);
			defaultConfigurationIsVisible = 0;
			defaultConfigurationName = Release;
		};
/* End XCConfigurationList section */

/* Begin XCRemoteSwiftPackageReference section */
		2092567C2515C0C700714E38 /* XCRemoteSwiftPackageReference "SDWebImageSwiftUI" */ = {
			isa = XCRemoteSwiftPackageReference;
			repositoryURL = "https://github.com/SDWebImage/SDWebImageSwiftUI.git";
			requirement = {
				kind = upToNextMajorVersion;
				minimumVersion = 1.5.0;
			};
		};
/* End XCRemoteSwiftPackageReference section */

/* Begin XCSwiftPackageProductDependency section */
		2092567D2515C0C700714E38 /* SDWebImageSwiftUI */ = {
			isa = XCSwiftPackageProductDependency;
			package = 2092567C2515C0C700714E38 /* XCRemoteSwiftPackageReference "SDWebImageSwiftUI" */;
			productName = SDWebImageSwiftUI;
		};
/* End XCSwiftPackageProductDependency section */
	};
	rootObject = 209256492515A9DB00714E38 /* Project object */;
}
